
Microsoft Visual Studio Solution File, Format Version 12.00
# Visual Studio 15
VisualStudioVersion = 15.0.28307.1022
MinimumVisualStudioVersion = 10.0.40219.1
Project("{FAE04EC0-301F-11D3-BF4B-00C04F79EFBC}") = "Chat.Android", "Chat\Chat.Android\Chat.Android.csproj", "{E3CB1F09-444D-4AAE-B6B4-D9450E5FF9B9}"
EndProject
Project("{FAE04EC0-301F-11D3-BF4B-00C04F79EFBC}") = "Chat.iOS", "Chat\Chat.iOS\Chat.iOS.csproj", "{946F7CA2-2723-4C8B-A989-F5FFBAB1562D}"
EndProject
Project("{FAE04EC0-301F-11D3-BF4B-00C04F79EFBC}") = "Chat.UWP", "Chat\Chat.UWP\Chat.UWP.csproj", "{FD63A1F8-489A-4F11-91FB-4F9A8A1A4483}"
EndProject
Project("{FAE04EC0-301F-11D3-BF4B-00C04F79EFBC}") = "Chat", "Chat\Chat\Chat.csproj", "{FEA90703-380A-4C6E-AC09-5A1331360B56}"
EndProject
Global
	GlobalSection(SolutionConfigurationPlatforms) = preSolution
		Ad-Hoc|Any CPU = Ad-Hoc|Any CPU
		Ad-Hoc|ARM = Ad-Hoc|ARM
		Ad-Hoc|iPhone = Ad-Hoc|iPhone
		Ad-Hoc|iPhoneSimulator = Ad-Hoc|iPhoneSimulator
		Ad-Hoc|x64 = Ad-Hoc|x64
		Ad-Hoc|x86 = Ad-Hoc|x86
		AppStore|Any CPU = AppStore|Any CPU
		AppStore|ARM = AppStore|ARM
		AppStore|iPhone = AppStore|iPhone
		AppStore|iPhoneSimulator = AppStore|iPhoneSimulator
		AppStore|x64 = AppStore|x64
		AppStore|x86 = AppStore|x86
		Debug|Any CPU = Debug|Any CPU
		Debug|ARM = Debug|ARM
		Debug|iPhone = Debug|iPhone
		Debug|iPhoneSimulator = Debug|iPhoneSimulator
		Debug|x64 = Debug|x64
		Debug|x86 = Debug|x86
		Release|Any CPU = Release|Any CPU
		Release|ARM = Release|ARM
		Release|iPhone = Release|iPhone
		Release|iPhoneSimulator = Release|iPhoneSimulator
		Release|x64 = Release|x64
		Release|x86 = Release|x86
	EndGlobalSection
	GlobalSection(ProjectConfigurationPlatforms) = postSolution
		{E3CB1F09-444D-4AAE-B6B4-D9450E5FF9B9}.Ad-Hoc|Any CPU.ActiveCfg = Release|Any CPU
		{E3CB1F09-444D-4AAE-B6B4-D9450E5FF9B9}.Ad-Hoc|Any CPU.Build.0 = Release|Any CPU
		{E3CB1F09-444D-4AAE-B6B4-D9450E5FF9B9}.Ad-Hoc|Any CPU.Deploy.0 = Release|Any CPU
		{E3CB1F09-444D-4AAE-B6B4-D9450E5FF9B9}.Ad-Hoc|ARM.ActiveCfg = Release|Any CPU
		{E3CB1F09-444D-4AAE-B6B4-D9450E5FF9B9}.Ad-Hoc|ARM.Build.0 = Release|Any CPU
		{E3CB1F09-444D-4AAE-B6B4-D9450E5FF9B9}.Ad-Hoc|ARM.Deploy.0 = Release|Any CPU
		{E3CB1F09-444D-4AAE-B6B4-D9450E5FF9B9}.Ad-Hoc|iPhone.ActiveCfg = Release|Any CPU
		{E3CB1F09-444D-4AAE-B6B4-D9450E5FF9B9}.Ad-Hoc|iPhone.Build.0 = Release|Any CPU
		{E3CB1F09-444D-4AAE-B6B4-D9450E5FF9B9}.Ad-Hoc|iPhone.Deploy.0 = Release|Any CPU
		{E3CB1F09-444D-4AAE-B6B4-D9450E5FF9B9}.Ad-Hoc|iPhoneSimulator.ActiveCfg = Release|Any CPU
		{E3CB1F09-444D-4AAE-B6B4-D9450E5FF9B9}.Ad-Hoc|iPhoneSimulator.Build.0 = Release|Any CPU
		{E3CB1F09-444D-4AAE-B6B4-D9450E5FF9B9}.Ad-Hoc|iPhoneSimulator.Deploy.0 = Release|Any CPU
		{E3CB1F09-444D-4AAE-B6B4-D9450E5FF9B9}.Ad-Hoc|x64.ActiveCfg = Release|Any CPU
		{E3CB1F09-444D-4AAE-B6B4-D9450E5FF9B9}.Ad-Hoc|x64.Build.0 = Release|Any CPU
		{E3CB1F09-444D-4AAE-B6B4-D9450E5FF9B9}.Ad-Hoc|x64.Deploy.0 = Release|Any CPU
		{E3CB1F09-444D-4AAE-B6B4-D9450E5FF9B9}.Ad-Hoc|x86.ActiveCfg = Release|Any CPU
		{E3CB1F09-444D-4AAE-B6B4-D9450E5FF9B9}.Ad-Hoc|x86.Build.0 = Release|Any CPU
		{E3CB1F09-444D-4AAE-B6B4-D9450E5FF9B9}.Ad-Hoc|x86.Deploy.0 = Release|Any CPU
		{E3CB1F09-444D-4AAE-B6B4-D9450E5FF9B9}.AppStore|Any CPU.ActiveCfg = Release|Any CPU
		{E3CB1F09-444D-4AAE-B6B4-D9450E5FF9B9}.AppStore|Any CPU.Build.0 = Release|Any CPU
		{E3CB1F09-444D-4AAE-B6B4-D9450E5FF9B9}.AppStore|Any CPU.Deploy.0 = Release|Any CPU
		{E3CB1F09-444D-4AAE-B6B4-D9450E5FF9B9}.AppStore|ARM.ActiveCfg = Release|Any CPU
		{E3CB1F09-444D-4AAE-B6B4-D9450E5FF9B9}.AppStore|ARM.Build.0 = Release|Any CPU
		{E3CB1F09-444D-4AAE-B6B4-D9450E5FF9B9}.AppStore|ARM.Deploy.0 = Release|Any CPU
		{E3CB1F09-444D-4AAE-B6B4-D9450E5FF9B9}.AppStore|iPhone.ActiveCfg = Release|Any CPU
		{E3CB1F09-444D-4AAE-B6B4-D9450E5FF9B9}.AppStore|iPhone.Build.0 = Release|Any CPU
		{E3CB1F09-444D-4AAE-B6B4-D9450E5FF9B9}.AppStore|iPhone.Deploy.0 = Release|Any CPU
		{E3CB1F09-444D-4AAE-B6B4-D9450E5FF9B9}.AppStore|iPhoneSimulator.ActiveCfg = Release|Any CPU
		{E3CB1F09-444D-4AAE-B6B4-D9450E5FF9B9}.AppStore|iPhoneSimulator.Build.0 = Release|Any CPU
		{E3CB1F09-444D-4AAE-B6B4-D9450E5FF9B9}.AppStore|iPhoneSimulator.Deploy.0 = Release|Any CPU
		{E3CB1F09-444D-4AAE-B6B4-D9450E5FF9B9}.AppStore|x64.ActiveCfg = Release|Any CPU
		{E3CB1F09-444D-4AAE-B6B4-D9450E5FF9B9}.AppStore|x64.Build.0 = Release|Any CPU
		{E3CB1F09-444D-4AAE-B6B4-D9450E5FF9B9}.AppStore|x64.Deploy.0 = Release|Any CPU
		{E3CB1F09-444D-4AAE-B6B4-D9450E5FF9B9}.AppStore|x86.ActiveCfg = Release|Any CPU
		{E3CB1F09-444D-4AAE-B6B4-D9450E5FF9B9}.AppStore|x86.Build.0 = Release|Any CPU
		{E3CB1F09-444D-4AAE-B6B4-D9450E5FF9B9}.AppStore|x86.Deploy.0 = Release|Any CPU
		{E3CB1F09-444D-4AAE-B6B4-D9450E5FF9B9}.Debug|Any CPU.ActiveCfg = Debug|Any CPU
		{E3CB1F09-444D-4AAE-B6B4-D9450E5FF9B9}.Debug|Any CPU.Build.0 = Debug|Any CPU
		{E3CB1F09-444D-4AAE-B6B4-D9450E5FF9B9}.Debug|Any CPU.Deploy.0 = Debug|Any CPU
		{E3CB1F09-444D-4AAE-B6B4-D9450E5FF9B9}.Debug|ARM.ActiveCfg = Debug|Any CPU
		{E3CB1F09-444D-4AAE-B6B4-D9450E5FF9B9}.Debug|ARM.Build.0 = Debug|Any CPU
		{E3CB1F09-444D-4AAE-B6B4-D9450E5FF9B9}.Debug|ARM.Deploy.0 = Debug|Any CPU
		{E3CB1F09-444D-4AAE-B6B4-D9450E5FF9B9}.Debug|iPhone.ActiveCfg = Debug|Any CPU
		{E3CB1F09-444D-4AAE-B6B4-D9450E5FF9B9}.Debug|iPhone.Build.0 = Debug|Any CPU
		{E3CB1F09-444D-4AAE-B6B4-D9450E5FF9B9}.Debug|iPhone.Deploy.0 = Debug|Any CPU
		{E3CB1F09-444D-4AAE-B6B4-D9450E5FF9B9}.Debug|iPhoneSimulator.ActiveCfg = Debug|Any CPU
		{E3CB1F09-444D-4AAE-B6B4-D9450E5FF9B9}.Debug|iPhoneSimulator.Build.0 = Debug|Any CPU
		{E3CB1F09-444D-4AAE-B6B4-D9450E5FF9B9}.Debug|iPhoneSimulator.Deploy.0 = Debug|Any CPU
		{E3CB1F09-444D-4AAE-B6B4-D9450E5FF9B9}.Debug|x64.ActiveCfg = Debug|Any CPU
		{E3CB1F09-444D-4AAE-B6B4-D9450E5FF9B9}.Debug|x64.Build.0 = Debug|Any CPU
		{E3CB1F09-444D-4AAE-B6B4-D9450E5FF9B9}.Debug|x64.Deploy.0 = Debug|Any CPU
		{E3CB1F09-444D-4AAE-B6B4-D9450E5FF9B9}.Debug|x86.ActiveCfg = Debug|Any CPU
		{E3CB1F09-444D-4AAE-B6B4-D9450E5FF9B9}.Debug|x86.Build.0 = Debug|Any CPU
		{E3CB1F09-444D-4AAE-B6B4-D9450E5FF9B9}.Debug|x86.Deploy.0 = Debug|Any CPU
		{E3CB1F09-444D-4AAE-B6B4-D9450E5FF9B9}.Release|Any CPU.ActiveCfg = Release|Any CPU
		{E3CB1F09-444D-4AAE-B6B4-D9450E5FF9B9}.Release|Any CPU.Build.0 = Release|Any CPU
		{E3CB1F09-444D-4AAE-B6B4-D9450E5FF9B9}.Release|Any CPU.Deploy.0 = Release|Any CPU
		{E3CB1F09-444D-4AAE-B6B4-D9450E5FF9B9}.Release|ARM.ActiveCfg = Release|Any CPU
		{E3CB1F09-444D-4AAE-B6B4-D9450E5FF9B9}.Release|ARM.Build.0 = Release|Any CPU
		{E3CB1F09-444D-4AAE-B6B4-D9450E5FF9B9}.Release|ARM.Deploy.0 = Release|Any CPU
		{E3CB1F09-444D-4AAE-B6B4-D9450E5FF9B9}.Release|iPhone.ActiveCfg = Release|Any CPU
		{E3CB1F09-444D-4AAE-B6B4-D9450E5FF9B9}.Release|iPhone.Build.0 = Release|Any CPU
		{E3CB1F09-444D-4AAE-B6B4-D9450E5FF9B9}.Release|iPhone.Deploy.0 = Release|Any CPU
		{E3CB1F09-444D-4AAE-B6B4-D9450E5FF9B9}.Release|iPhoneSimulator.ActiveCfg = Release|Any CPU
		{E3CB1F09-444D-4AAE-B6B4-D9450E5FF9B9}.Release|iPhoneSimulator.Build.0 = Release|Any CPU
		{E3CB1F09-444D-4AAE-B6B4-D9450E5FF9B9}.Release|iPhoneSimulator.Deploy.0 = Release|Any CPU
		{E3CB1F09-444D-4AAE-B6B4-D9450E5FF9B9}.Release|x64.ActiveCfg = Release|Any CPU
		{E3CB1F09-444D-4AAE-B6B4-D9450E5FF9B9}.Release|x64.Build.0 = Release|Any CPU
		{E3CB1F09-444D-4AAE-B6B4-D9450E5FF9B9}.Release|x64.Deploy.0 = Release|Any CPU
		{E3CB1F09-444D-4AAE-B6B4-D9450E5FF9B9}.Release|x86.ActiveCfg = Release|Any CPU
		{E3CB1F09-444D-4AAE-B6B4-D9450E5FF9B9}.Release|x86.Build.0 = Release|Any CPU
		{E3CB1F09-444D-4AAE-B6B4-D9450E5FF9B9}.Release|x86.Deploy.0 = Release|Any CPU
		{946F7CA2-2723-4C8B-A989-F5FFBAB1562D}.Ad-Hoc|Any CPU.ActiveCfg = Ad-Hoc|iPhone
		{946F7CA2-2723-4C8B-A989-F5FFBAB1562D}.Ad-Hoc|Any CPU.Build.0 = Ad-Hoc|iPhone
		{946F7CA2-2723-4C8B-A989-F5FFBAB1562D}.Ad-Hoc|Any CPU.Deploy.0 = Ad-Hoc|iPhone
		{946F7CA2-2723-4C8B-A989-F5FFBAB1562D}.Ad-Hoc|ARM.ActiveCfg = Ad-Hoc|iPhone
		{946F7CA2-2723-4C8B-A989-F5FFBAB1562D}.Ad-Hoc|ARM.Build.0 = Ad-Hoc|iPhone
		{946F7CA2-2723-4C8B-A989-F5FFBAB1562D}.Ad-Hoc|ARM.Deploy.0 = Ad-Hoc|iPhone
		{946F7CA2-2723-4C8B-A989-F5FFBAB1562D}.Ad-Hoc|iPhone.ActiveCfg = Ad-Hoc|iPhone
		{946F7CA2-2723-4C8B-A989-F5FFBAB1562D}.Ad-Hoc|iPhone.Build.0 = Ad-Hoc|iPhone
		{946F7CA2-2723-4C8B-A989-F5FFBAB1562D}.Ad-Hoc|iPhone.Deploy.0 = Ad-Hoc|iPhone
		{946F7CA2-2723-4C8B-A989-F5FFBAB1562D}.Ad-Hoc|iPhoneSimulator.ActiveCfg = Ad-Hoc|iPhoneSimulator
		{946F7CA2-2723-4C8B-A989-F5FFBAB1562D}.Ad-Hoc|iPhoneSimulator.Build.0 = Ad-Hoc|iPhoneSimulator
		{946F7CA2-2723-4C8B-A989-F5FFBAB1562D}.Ad-Hoc|iPhoneSimulator.Deploy.0 = Ad-Hoc|iPhoneSimulator
		{946F7CA2-2723-4C8B-A989-F5FFBAB1562D}.Ad-Hoc|x64.ActiveCfg = Ad-Hoc|iPhone
		{946F7CA2-2723-4C8B-A989-F5FFBAB1562D}.Ad-Hoc|x64.Build.0 = Ad-Hoc|iPhone
		{946F7CA2-2723-4C8B-A989-F5FFBAB1562D}.Ad-Hoc|x64.Deploy.0 = Ad-Hoc|iPhone
		{946F7CA2-2723-4C8B-A989-F5FFBAB1562D}.Ad-Hoc|x86.ActiveCfg = Ad-Hoc|iPhone
		{946F7CA2-2723-4C8B-A989-F5FFBAB1562D}.Ad-Hoc|x86.Build.0 = Ad-Hoc|iPhone
		{946F7CA2-2723-4C8B-A989-F5FFBAB1562D}.Ad-Hoc|x86.Deploy.0 = Ad-Hoc|iPhone
		{946F7CA2-2723-4C8B-A989-F5FFBAB1562D}.AppStore|Any CPU.ActiveCfg = AppStore|iPhone
		{946F7CA2-2723-4C8B-A989-F5FFBAB1562D}.AppStore|Any CPU.Build.0 = AppStore|iPhone
		{946F7CA2-2723-4C8B-A989-F5FFBAB1562D}.AppStore|Any CPU.Deploy.0 = AppStore|iPhone
		{946F7CA2-2723-4C8B-A989-F5FFBAB1562D}.AppStore|ARM.ActiveCfg = AppStore|iPhone
		{946F7CA2-2723-4C8B-A989-F5FFBAB1562D}.AppStore|ARM.Build.0 = AppStore|iPhone
		{946F7CA2-2723-4C8B-A989-F5FFBAB1562D}.AppStore|ARM.Deploy.0 = AppStore|iPhone
		{946F7CA2-2723-4C8B-A989-F5FFBAB1562D}.AppStore|iPhone.ActiveCfg = AppStore|iPhone
		{946F7CA2-2723-4C8B-A989-F5FFBAB1562D}.AppStore|iPhone.Build.0 = AppStore|iPhone
		{946F7CA2-2723-4C8B-A989-F5FFBAB1562D}.AppStore|iPhone.Deploy.0 = AppStore|iPhone
		{946F7CA2-2723-4C8B-A989-F5FFBAB1562D}.AppStore|iPhoneSimulator.ActiveCfg = AppStore|iPhoneSimulator
		{946F7CA2-2723-4C8B-A989-F5FFBAB1562D}.AppStore|iPhoneSimulator.Build.0 = AppStore|iPhoneSimulator
		{946F7CA2-2723-4C8B-A989-F5FFBAB1562D}.AppStore|iPhoneSimulator.Deploy.0 = AppStore|iPhoneSimulator
		{946F7CA2-2723-4C8B-A989-F5FFBAB1562D}.AppStore|x64.ActiveCfg = AppStore|iPhone
		{946F7CA2-2723-4C8B-A989-F5FFBAB1562D}.AppStore|x64.Build.0 = AppStore|iPhone
		{946F7CA2-2723-4C8B-A989-F5FFBAB1562D}.AppStore|x64.Deploy.0 = AppStore|iPhone
		{946F7CA2-2723-4C8B-A989-F5FFBAB1562D}.AppStore|x86.ActiveCfg = AppStore|iPhone
		{946F7CA2-2723-4C8B-A989-F5FFBAB1562D}.AppStore|x86.Build.0 = AppStore|iPhone
		{946F7CA2-2723-4C8B-A989-F5FFBAB1562D}.AppStore|x86.Deploy.0 = AppStore|iPhone
		{946F7CA2-2723-4C8B-A989-F5FFBAB1562D}.Debug|Any CPU.ActiveCfg = Debug|iPhoneSimulator
		{946F7CA2-2723-4C8B-A989-F5FFBAB1562D}.Debug|Any CPU.Build.0 = Debug|iPhoneSimulator
		{946F7CA2-2723-4C8B-A989-F5FFBAB1562D}.Debug|Any CPU.Deploy.0 = Debug|iPhoneSimulator
		{946F7CA2-2723-4C8B-A989-F5FFBAB1562D}.Debug|ARM.ActiveCfg = Debug|iPhone
		{946F7CA2-2723-4C8B-A989-F5FFBAB1562D}.Debug|ARM.Build.0 = Debug|iPhone
		{946F7CA2-2723-4C8B-A989-F5FFBAB1562D}.Debug|ARM.Deploy.0 = Debug|iPhone
		{946F7CA2-2723-4C8B-A989-F5FFBAB1562D}.Debug|iPhone.ActiveCfg = Debug|iPhone
		{946F7CA2-2723-4C8B-A989-F5FFBAB1562D}.Debug|iPhone.Build.0 = Debug|iPhone
		{946F7CA2-2723-4C8B-A989-F5FFBAB1562D}.Debug|iPhone.Deploy.0 = Debug|iPhone
		{946F7CA2-2723-4C8B-A989-F5FFBAB1562D}.Debug|iPhoneSimulator.ActiveCfg = Debug|iPhoneSimulator
		{946F7CA2-2723-4C8B-A989-F5FFBAB1562D}.Debug|iPhoneSimulator.Build.0 = Debug|iPhoneSimulator
		{946F7CA2-2723-4C8B-A989-F5FFBAB1562D}.Debug|iPhoneSimulator.Deploy.0 = Debug|iPhoneSimulator
		{946F7CA2-2723-4C8B-A989-F5FFBAB1562D}.Debug|x64.ActiveCfg = Debug|iPhone
		{946F7CA2-2723-4C8B-A989-F5FFBAB1562D}.Debug|x64.Build.0 = Debug|iPhone
		{946F7CA2-2723-4C8B-A989-F5FFBAB1562D}.Debug|x64.Deploy.0 = Debug|iPhone
		{946F7CA2-2723-4C8B-A989-F5FFBAB1562D}.Debug|x86.ActiveCfg = Debug|iPhone
		{946F7CA2-2723-4C8B-A989-F5FFBAB1562D}.Debug|x86.Build.0 = Debug|iPhone
		{946F7CA2-2723-4C8B-A989-F5FFBAB1562D}.Debug|x86.Deploy.0 = Debug|iPhone
		{946F7CA2-2723-4C8B-A989-F5FFBAB1562D}.Release|Any CPU.ActiveCfg = Release|iPhone
		{946F7CA2-2723-4C8B-A989-F5FFBAB1562D}.Release|Any CPU.Build.0 = Release|iPhone
		{946F7CA2-2723-4C8B-A989-F5FFBAB1562D}.Release|Any CPU.Deploy.0 = Release|iPhone
		{946F7CA2-2723-4C8B-A989-F5FFBAB1562D}.Release|ARM.ActiveCfg = Release|iPhone
		{946F7CA2-2723-4C8B-A989-F5FFBAB1562D}.Release|ARM.Build.0 = Release|iPhone
		{946F7CA2-2723-4C8B-A989-F5FFBAB1562D}.Release|ARM.Deploy.0 = Release|iPhone
		{946F7CA2-2723-4C8B-A989-F5FFBAB1562D}.Release|iPhone.ActiveCfg = Release|iPhone
		{946F7CA2-2723-4C8B-A989-F5FFBAB1562D}.Release|iPhone.Build.0 = Release|iPhone
		{946F7CA2-2723-4C8B-A989-F5FFBAB1562D}.Release|iPhone.Deploy.0 = Release|iPhone
		{946F7CA2-2723-4C8B-A989-F5FFBAB1562D}.Release|iPhoneSimulator.ActiveCfg = Release|iPhoneSimulator
		{946F7CA2-2723-4C8B-A989-F5FFBAB1562D}.Release|iPhoneSimulator.Build.0 = Release|iPhoneSimulator
		{946F7CA2-2723-4C8B-A989-F5FFBAB1562D}.Release|iPhoneSimulator.Deploy.0 = Release|iPhoneSimulator
		{946F7CA2-2723-4C8B-A989-F5FFBAB1562D}.Release|x64.ActiveCfg = Release|iPhone
		{946F7CA2-2723-4C8B-A989-F5FFBAB1562D}.Release|x64.Build.0 = Release|iPhone
		{946F7CA2-2723-4C8B-A989-F5FFBAB1562D}.Release|x64.Deploy.0 = Release|iPhone
		{946F7CA2-2723-4C8B-A989-F5FFBAB1562D}.Release|x86.ActiveCfg = Release|iPhone
		{946F7CA2-2723-4C8B-A989-F5FFBAB1562D}.Release|x86.Build.0 = Release|iPhone
		{946F7CA2-2723-4C8B-A989-F5FFBAB1562D}.Release|x86.Deploy.0 = Release|iPhone
		{FD63A1F8-489A-4F11-91FB-4F9A8A1A4483}.Ad-Hoc|Any CPU.ActiveCfg = Release|x86
		{FD63A1F8-489A-4F11-91FB-4F9A8A1A4483}.Ad-Hoc|Any CPU.Build.0 = Release|x86
		{FD63A1F8-489A-4F11-91FB-4F9A8A1A4483}.Ad-Hoc|Any CPU.Deploy.0 = Release|x86
		{FD63A1F8-489A-4F11-91FB-4F9A8A1A4483}.Ad-Hoc|ARM.ActiveCfg = Release|ARM
		{FD63A1F8-489A-4F11-91FB-4F9A8A1A4483}.Ad-Hoc|ARM.Build.0 = Release|ARM
		{FD63A1F8-489A-4F11-91FB-4F9A8A1A4483}.Ad-Hoc|ARM.Deploy.0 = Release|ARM
		{FD63A1F8-489A-4F11-91FB-4F9A8A1A4483}.Ad-Hoc|iPhone.ActiveCfg = Release|x86
		{FD63A1F8-489A-4F11-91FB-4F9A8A1A4483}.Ad-Hoc|iPhone.Build.0 = Release|x86
		{FD63A1F8-489A-4F11-91FB-4F9A8A1A4483}.Ad-Hoc|iPhone.Deploy.0 = Release|x86
		{FD63A1F8-489A-4F11-91FB-4F9A8A1A4483}.Ad-Hoc|iPhoneSimulator.ActiveCfg = Release|x86
		{FD63A1F8-489A-4F11-91FB-4F9A8A1A4483}.Ad-Hoc|iPhoneSimulator.Build.0 = Release|x86
		{FD63A1F8-489A-4F11-91FB-4F9A8A1A4483}.Ad-Hoc|iPhoneSimulator.Deploy.0 = Release|x86
		{FD63A1F8-489A-4F11-91FB-4F9A8A1A4483}.Ad-Hoc|x64.ActiveCfg = Release|x64
		{FD63A1F8-489A-4F11-91FB-4F9A8A1A4483}.Ad-Hoc|x64.Build.0 = Release|x64
		{FD63A1F8-489A-4F11-91FB-4F9A8A1A4483}.Ad-Hoc|x64.Deploy.0 = Release|x64
		{FD63A1F8-489A-4F11-91FB-4F9A8A1A4483}.Ad-Hoc|x86.ActiveCfg = Release|x86
		{FD63A1F8-489A-4F11-91FB-4F9A8A1A4483}.Ad-Hoc|x86.Build.0 = Release|x86
		{FD63A1F8-489A-4F11-91FB-4F9A8A1A4483}.Ad-Hoc|x86.Deploy.0 = Release|x86
		{FD63A1F8-489A-4F11-91FB-4F9A8A1A4483}.AppStore|Any CPU.ActiveCfg = Release|x86
		{FD63A1F8-489A-4F11-91FB-4F9A8A1A4483}.AppStore|Any CPU.Build.0 = Release|x86
		{FD63A1F8-489A-4F11-91FB-4F9A8A1A4483}.AppStore|Any CPU.Deploy.0 = Release|x86
		{FD63A1F8-489A-4F11-91FB-4F9A8A1A4483}.AppStore|ARM.ActiveCfg = Release|ARM
		{FD63A1F8-489A-4F11-91FB-4F9A8A1A4483}.AppStore|ARM.Build.0 = Release|ARM
		{FD63A1F8-489A-4F11-91FB-4F9A8A1A4483}.AppStore|ARM.Deploy.0 = Release|ARM
		{FD63A1F8-489A-4F11-91FB-4F9A8A1A4483}.AppStore|iPhone.ActiveCfg = Release|x86
		{FD63A1F8-489A-4F11-91FB-4F9A8A1A4483}.AppStore|iPhone.Build.0 = Release|x86
		{FD63A1F8-489A-4F11-91FB-4F9A8A1A4483}.AppStore|iPhone.Deploy.0 = Release|x86
		{FD63A1F8-489A-4F11-91FB-4F9A8A1A4483}.AppStore|iPhoneSimulator.ActiveCfg = Release|x86
		{FD63A1F8-489A-4F11-91FB-4F9A8A1A4483}.AppStore|iPhoneSimulator.Build.0 = Release|x86
		{FD63A1F8-489A-4F11-91FB-4F9A8A1A4483}.AppStore|iPhoneSimulator.Deploy.0 = Release|x86
		{FD63A1F8-489A-4F11-91FB-4F9A8A1A4483}.AppStore|x64.ActiveCfg = Release|x64
		{FD63A1F8-489A-4F11-91FB-4F9A8A1A4483}.AppStore|x64.Build.0 = Release|x64
		{FD63A1F8-489A-4F11-91FB-4F9A8A1A4483}.AppStore|x64.Deploy.0 = Release|x64
		{FD63A1F8-489A-4F11-91FB-4F9A8A1A4483}.AppStore|x86.ActiveCfg = Release|x86
		{FD63A1F8-489A-4F11-91FB-4F9A8A1A4483}.AppStore|x86.Build.0 = Release|x86
		{FD63A1F8-489A-4F11-91FB-4F9A8A1A4483}.AppStore|x86.Deploy.0 = Release|x86
		{FD63A1F8-489A-4F11-91FB-4F9A8A1A4483}.Debug|Any CPU.ActiveCfg = Debug|x86
		{FD63A1F8-489A-4F11-91FB-4F9A8A1A4483}.Debug|Any CPU.Build.0 = Debug|x86
		{FD63A1F8-489A-4F11-91FB-4F9A8A1A4483}.Debug|Any CPU.Deploy.0 = Debug|x86
		{FD63A1F8-489A-4F11-91FB-4F9A8A1A4483}.Debug|ARM.ActiveCfg = Debug|ARM
		{FD63A1F8-489A-4F11-91FB-4F9A8A1A4483}.Debug|ARM.Build.0 = Debug|ARM
		{FD63A1F8-489A-4F11-91FB-4F9A8A1A4483}.Debug|ARM.Deploy.0 = Debug|ARM
		{FD63A1F8-489A-4F11-91FB-4F9A8A1A4483}.Debug|iPhone.ActiveCfg = Debug|x86
		{FD63A1F8-489A-4F11-91FB-4F9A8A1A4483}.Debug|iPhone.Build.0 = Debug|x86
		{FD63A1F8-489A-4F11-91FB-4F9A8A1A4483}.Debug|iPhone.Deploy.0 = Debug|x86
		{FD63A1F8-489A-4F11-91FB-4F9A8A1A4483}.Debug|iPhoneSimulator.ActiveCfg = Debug|x86
		{FD63A1F8-489A-4F11-91FB-4F9A8A1A4483}.Debug|iPhoneSimulator.Build.0 = Debug|x86
		{FD63A1F8-489A-4F11-91FB-4F9A8A1A4483}.Debug|iPhoneSimulator.Deploy.0 = Debug|x86
		{FD63A1F8-489A-4F11-91FB-4F9A8A1A4483}.Debug|x64.ActiveCfg = Debug|x64
		{FD63A1F8-489A-4F11-91FB-4F9A8A1A4483}.Debug|x64.Build.0 = Debug|x64
		{FD63A1F8-489A-4F11-91FB-4F9A8A1A4483}.Debug|x64.Deploy.0 = Debug|x64
		{FD63A1F8-489A-4F11-91FB-4F9A8A1A4483}.Debug|x86.ActiveCfg = Debug|x86
		{FD63A1F8-489A-4F11-91FB-4F9A8A1A4483}.Debug|x86.Build.0 = Debug|x86
		{FD63A1F8-489A-4F11-91FB-4F9A8A1A4483}.Debug|x86.Deploy.0 = Debug|x86
		{FD63A1F8-489A-4F11-91FB-4F9A8A1A4483}.Release|Any CPU.ActiveCfg = Release|x86
		{FD63A1F8-489A-4F11-91FB-4F9A8A1A4483}.Release|Any CPU.Build.0 = Release|x86
		{FD63A1F8-489A-4F11-91FB-4F9A8A1A4483}.Release|Any CPU.Deploy.0 = Release|x86
		{FD63A1F8-489A-4F11-91FB-4F9A8A1A4483}.Release|ARM.ActiveCfg = Release|ARM
		{FD63A1F8-489A-4F11-91FB-4F9A8A1A4483}.Release|ARM.Build.0 = Release|ARM
		{FD63A1F8-489A-4F11-91FB-4F9A8A1A4483}.Release|ARM.Deploy.0 = Release|ARM
		{FD63A1F8-489A-4F11-91FB-4F9A8A1A4483}.Release|iPhone.ActiveCfg = Release|x86
		{FD63A1F8-489A-4F11-91FB-4F9A8A1A4483}.Release|iPhone.Build.0 = Release|x86
		{FD63A1F8-489A-4F11-91FB-4F9A8A1A4483}.Release|iPhone.Deploy.0 = Release|x86
		{FD63A1F8-489A-4F11-91FB-4F9A8A1A4483}.Release|iPhoneSimulator.ActiveCfg = Release|x86
		{FD63A1F8-489A-4F11-91FB-4F9A8A1A4483}.Release|iPhoneSimulator.Build.0 = Release|x86
		{FD63A1F8-489A-4F11-91FB-4F9A8A1A4483}.Release|iPhoneSimulator.Deploy.0 = Release|x86
		{FD63A1F8-489A-4F11-91FB-4F9A8A1A4483}.Release|x64.ActiveCfg = Release|x64
		{FD63A1F8-489A-4F11-91FB-4F9A8A1A4483}.Release|x64.Build.0 = Release|x64
		{FD63A1F8-489A-4F11-91FB-4F9A8A1A4483}.Release|x64.Deploy.0 = Release|x64
		{FD63A1F8-489A-4F11-91FB-4F9A8A1A4483}.Release|x86.ActiveCfg = Release|x86
		{FD63A1F8-489A-4F11-91FB-4F9A8A1A4483}.Release|x86.Build.0 = Release|x86
		{FD63A1F8-489A-4F11-91FB-4F9A8A1A4483}.Release|x86.Deploy.0 = Release|x86
		{FEA90703-380A-4C6E-AC09-5A1331360B56}.Ad-Hoc|Any CPU.ActiveCfg = Debug|Any CPU
		{FEA90703-380A-4C6E-AC09-5A1331360B56}.Ad-Hoc|Any CPU.Build.0 = Debug|Any CPU
		{FEA90703-380A-4C6E-AC09-5A1331360B56}.Ad-Hoc|Any CPU.Deploy.0 = Debug|Any CPU
		{FEA90703-380A-4C6E-AC09-5A1331360B56}.Ad-Hoc|ARM.ActiveCfg = Debug|Any CPU
		{FEA90703-380A-4C6E-AC09-5A1331360B56}.Ad-Hoc|ARM.Build.0 = Debug|Any CPU
		{FEA90703-380A-4C6E-AC09-5A1331360B56}.Ad-Hoc|ARM.Deploy.0 = Debug|Any CPU
		{FEA90703-380A-4C6E-AC09-5A1331360B56}.Ad-Hoc|iPhone.ActiveCfg = Debug|Any CPU
		{FEA90703-380A-4C6E-AC09-5A1331360B56}.Ad-Hoc|iPhone.Build.0 = Debug|Any CPU
		{FEA90703-380A-4C6E-AC09-5A1331360B56}.Ad-Hoc|iPhone.Deploy.0 = Debug|Any CPU
		{FEA90703-380A-4C6E-AC09-5A1331360B56}.Ad-Hoc|iPhoneSimulator.ActiveCfg = Debug|Any CPU
		{FEA90703-380A-4C6E-AC09-5A1331360B56}.Ad-Hoc|iPhoneSimulator.Build.0 = Debug|Any CPU
		{FEA90703-380A-4C6E-AC09-5A1331360B56}.Ad-Hoc|iPhoneSimulator.Deploy.0 = Debug|Any CPU
		{FEA90703-380A-4C6E-AC09-5A1331360B56}.Ad-Hoc|x64.ActiveCfg = Debug|Any CPU
		{FEA90703-380A-4C6E-AC09-5A1331360B56}.Ad-Hoc|x64.Build.0 = Debug|Any CPU
		{FEA90703-380A-4C6E-AC09-5A1331360B56}.Ad-Hoc|x64.Deploy.0 = Debug|Any CPU
		{FEA90703-380A-4C6E-AC09-5A1331360B56}.Ad-Hoc|x86.ActiveCfg = Debug|Any CPU
		{FEA90703-380A-4C6E-AC09-5A1331360B56}.Ad-Hoc|x86.Build.0 = Debug|Any CPU
		{FEA90703-380A-4C6E-AC09-5A1331360B56}.Ad-Hoc|x86.Deploy.0 = Debug|Any CPU
		{FEA90703-380A-4C6E-AC09-5A1331360B56}.AppStore|Any CPU.ActiveCfg = Debug|Any CPU
		{FEA90703-380A-4C6E-AC09-5A1331360B56}.AppStore|Any CPU.Build.0 = Debug|Any CPU
		{FEA90703-380A-4C6E-AC09-5A1331360B56}.AppStore|Any CPU.Deploy.0 = Debug|Any CPU
		{FEA90703-380A-4C6E-AC09-5A1331360B56}.AppStore|ARM.ActiveCfg = Debug|Any CPU
		{FEA90703-380A-4C6E-AC09-5A1331360B56}.AppStore|ARM.Build.0 = Debug|Any CPU
		{FEA90703-380A-4C6E-AC09-5A1331360B56}.AppStore|ARM.Deploy.0 = Debug|Any CPU
		{FEA90703-380A-4C6E-AC09-5A1331360B56}.AppStore|iPhone.ActiveCfg = Debug|Any CPU
		{FEA90703-380A-4C6E-AC09-5A1331360B56}.AppStore|iPhone.Build.0 = Debug|Any CPU
		{FEA90703-380A-4C6E-AC09-5A1331360B56}.AppStore|iPhone.Deploy.0 = Debug|Any CPU
		{FEA90703-380A-4C6E-AC09-5A1331360B56}.AppStore|iPhoneSimulator.ActiveCfg = Debug|Any CPU
		{FEA90703-380A-4C6E-AC09-5A1331360B56}.AppStore|iPhoneSimulator.Build.0 = Debug|Any CPU
		{FEA90703-380A-4C6E-AC09-5A1331360B56}.AppStore|iPhoneSimulator.Deploy.0 = Debug|Any CPU
		{FEA90703-380A-4C6E-AC09-5A1331360B56}.AppStore|x64.ActiveCfg = Debug|Any CPU
		{FEA90703-380A-4C6E-AC09-5A1331360B56}.AppStore|x64.Build.0 = Debug|Any CPU
		{FEA90703-380A-4C6E-AC09-5A1331360B56}.AppStore|x64.Deploy.0 = Debug|Any CPU
		{FEA90703-380A-4C6E-AC09-5A1331360B56}.AppStore|x86.ActiveCfg = Debug|Any CPU
		{FEA90703-380A-4C6E-AC09-5A1331360B56}.AppStore|x86.Build.0 = Debug|Any CPU
		{FEA90703-380A-4C6E-AC09-5A1331360B56}.AppStore|x86.Deploy.0 = Debug|Any CPU
		{FEA90703-380A-4C6E-AC09-5A1331360B56}.Debug|Any CPU.ActiveCfg = Debug|Any CPU
		{FEA90703-380A-4C6E-AC09-5A1331360B56}.Debug|Any CPU.Build.0 = Debug|Any CPU
		{FEA90703-380A-4C6E-AC09-5A1331360B56}.Debug|Any CPU.Deploy.0 = Debug|Any CPU
		{FEA90703-380A-4C6E-AC09-5A1331360B56}.Debug|ARM.ActiveCfg = Debug|Any CPU
		{FEA90703-380A-4C6E-AC09-5A1331360B56}.Debug|ARM.Build.0 = Debug|Any CPU
		{FEA90703-380A-4C6E-AC09-5A1331360B56}.Debug|ARM.Deploy.0 = Debug|Any CPU
		{FEA90703-380A-4C6E-AC09-5A1331360B56}.Debug|iPhone.ActiveCfg = Debug|Any CPU
		{FEA90703-380A-4C6E-AC09-5A1331360B56}.Debug|iPhone.Build.0 = Debug|Any CPU
		{FEA90703-380A-4C6E-AC09-5A1331360B56}.Debug|iPhone.Deploy.0 = Debug|Any CPU
		{FEA90703-380A-4C6E-AC09-5A1331360B56}.Debug|iPhoneSimulator.ActiveCfg = Debug|Any CPU
		{FEA90703-380A-4C6E-AC09-5A1331360B56}.Debug|iPhoneSimulator.Build.0 = Debug|Any CPU
		{FEA90703-380A-4C6E-AC09-5A1331360B56}.Debug|iPhoneSimulator.Deploy.0 = Debug|Any CPU
		{FEA90703-380A-4C6E-AC09-5A1331360B56}.Debug|x64.ActiveCfg = Debug|Any CPU
		{FEA90703-380A-4C6E-AC09-5A1331360B56}.Debug|x64.Build.0 = Debug|Any CPU
		{FEA90703-380A-4C6E-AC09-5A1331360B56}.Debug|x64.Deploy.0 = Debug|Any CPU
		{FEA90703-380A-4C6E-AC09-5A1331360B56}.Debug|x86.ActiveCfg = Debug|Any CPU
		{FEA90703-380A-4C6E-AC09-5A1331360B56}.Debug|x86.Build.0 = Debug|Any CPU
		{FEA90703-380A-4C6E-AC09-5A1331360B56}.Debug|x86.Deploy.0 = Debug|Any CPU
		{FEA90703-380A-4C6E-AC09-5A1331360B56}.Release|Any CPU.ActiveCfg = Release|Any CPU
		{FEA90703-380A-4C6E-AC09-5A1331360B56}.Release|Any CPU.Build.0 = Release|Any CPU
		{FEA90703-380A-4C6E-AC09-5A1331360B56}.Release|Any CPU.Deploy.0 = Release|Any CPU
		{FEA90703-380A-4C6E-AC09-5A1331360B56}.Release|ARM.ActiveCfg = Release|Any CPU
		{FEA90703-380A-4C6E-AC09-5A1331360B56}.Release|ARM.Build.0 = Release|Any CPU
		{FEA90703-380A-4C6E-AC09-5A1331360B56}.Release|ARM.Deploy.0 = Release|Any CPU
		{FEA90703-380A-4C6E-AC09-5A1331360B56}.Release|iPhone.ActiveCfg = Release|Any CPU
		{FEA90703-380A-4C6E-AC09-5A1331360B56}.Release|iPhone.Build.0 = Release|Any CPU
		{FEA90703-380A-4C6E-AC09-5A1331360B56}.Release|iPhone.Deploy.0 = Release|Any CPU
		{FEA90703-380A-4C6E-AC09-5A1331360B56}.Release|iPhoneSimulator.ActiveCfg = Release|Any CPU
		{FEA90703-380A-4C6E-AC09-5A1331360B56}.Release|iPhoneSimulator.Build.0 = Release|Any CPU
		{FEA90703-380A-4C6E-AC09-5A1331360B56}.Release|iPhoneSimulator.Deploy.0 = Release|Any CPU
		{FEA90703-380A-4C6E-AC09-5A1331360B56}.Release|x64.ActiveCfg = Release|Any CPU
		{FEA90703-380A-4C6E-AC09-5A1331360B56}.Release|x64.Build.0 = Release|Any CPU
		{FEA90703-380A-4C6E-AC09-5A1331360B56}.Release|x64.Deploy.0 = Release|Any CPU
		{FEA90703-380A-4C6E-AC09-5A1331360B56}.Release|x86.ActiveCfg = Release|Any CPU
		{FEA90703-380A-4C6E-AC09-5A1331360B56}.Release|x86.Build.0 = Release|Any CPU
		{FEA90703-380A-4C6E-AC09-5A1331360B56}.Release|x86.Deploy.0 = Release|Any CPU
	EndGlobalSection
	GlobalSection(SolutionProperties) = preSolution
		HideSolutionNode = FALSE
	EndGlobalSection
	GlobalSection(ExtensibilityGlobals) = postSolution
		SolutionGuid = {709DE3C4-2E89-48C1-A019-6C8913ECBC34}
	EndGlobalSection
EndGlobal
